
Microsoft Visual Studio Solution File, Format Version 12.00
# Visual Studio 15
VisualStudioVersion = 15.0.28307.1433
MinimumVisualStudioVersion = 10.0.40219.1
Project("{FAE04EC0-301F-11D3-BF4B-00C04F79EFBC}") = "WebApplication1", "WebApplication1\WebApplication1.csproj", "{281D859C-A3E4-4800-97C4-2C275D5162C1}"
EndProject
Global
	GlobalSection(SolutionConfigurationPlatforms) = preSolution
		Debug|Any CPU = Debug|Any CPU
		Release|Any CPU = Release|Any CPU
	EndGlobalSection
	GlobalSection(ProjectConfigurationPlatforms) = postSolution
		{281D859C-A3E4-4800-97C4-2C275D5162C1}.Debug|Any CPU.ActiveCfg = Debug|Any CPU
		{281D859C-A3E4-4800-97C4-2C275D5162C1}.Debug|Any CPU.Build.0 = Debug|Any CPU
		{281D859C-A3E4-4800-97C4-2C275D5162C1}.Release|Any CPU.ActiveCfg = Release|Any CPU
		{281D859C-A3E4-4800-97C4-2C275D5162C1}.Release|Any CPU.Build.0 = Release|Any CPU
	EndGlobalSection
	GlobalSection(SolutionProperties) = preSolution
		HideSolutionNode = FALSE
	EndGlobalSection
	GlobalSection(ExtensibilityGlobals) = postSolution
		SolutionGuid = {EEF5D55C-239F-4C4E-8A0E-66BB329BF1BD}
	EndGlobalSection
EndGlobal
